// !$*UTF8*$!
{
	archiveVersion = 1;
	classes = {
	};
	objectVersion = 46;
	objects = {

/* Begin PBXBuildFile section */
		F8E958CC1BEF25B000A8B483 /* AppDelegate.swift in Sources */ = {isa = PBXBuildFile; fileRef = F8E958CB1BEF25B000A8B483 /* AppDelegate.swift */; };
		F8E958CE1BEF25B000A8B483 /* ViewController.swift in Sources */ = {isa = PBXBuildFile; fileRef = F8E958CD1BEF25B000A8B483 /* ViewController.swift */; };
		F8E958D11BEF25B000A8B483 /* Main.storyboard in Resources */ = {isa = PBXBuildFile; fileRef = F8E958CF1BEF25B000A8B483 /* Main.storyboard */; };
		F8E958D31BEF25B000A8B483 /* Assets.xcassets in Resources */ = {isa = PBXBuildFile; fileRef = F8E958D21BEF25B000A8B483 /* Assets.xcassets */; };
		F8E958D61BEF25B000A8B483 /* LaunchScreen.storyboard in Resources */ = {isa = PBXBuildFile; fileRef = F8E958D41BEF25B000A8B483 /* LaunchScreen.storyboard */; };
/* End PBXBuildFile section */

/* Begin PBXFileReference section */
		F8E958C81BEF25B000A8B483 /* SuperCool.app */ = {isa = PBXFileReference; explicitFileType = wrapper.application; includeInIndex = 0; path = SuperCool.app; sourceTree = BUILT_PRODUCTS_DIR; };
		F8E958CB1BEF25B000A8B483 /* AppDelegate.swift */ = {isa = PBXFileReference; lastKnownFileType = sourcecode.swift; path = AppDelegate.swift; sourceTree = "<group>"; };
		F8E958CD1BEF25B000A8B483 /* ViewController.swift */ = {isa = PBXFileReference; lastKnownFileType = sourcecode.swift; path = ViewController.swift; sourceTree = "<group>"; };
		F8E958D01BEF25B000A8B483 /* Base */ = {isa = PBXFileReference; lastKnownFileType = file.storyboard; name = Base; path = Base.lproj/Main.storyboard; sourceTree = "<group>"; };
		F8E958D21BEF25B000A8B483 /* Assets.xcassets */ = {isa = PBXFileReference; lastKnownFileType = folder.assetcatalog; path = Assets.xcassets; sourceTree = "<group>"; };
		F8E958D51BEF25B000A8B483 /* Base */ = {isa = PBXFileReference; lastKnownFileType = file.storyboard; name = Base; path = Base.lproj/LaunchScreen.storyboard; sourceTree = "<group>"; };
		F8E958D71BEF25B000A8B483 /* Info.plist */ = {isa = PBXFileReference; lastKnownFileType = text.plist.xml; path = Info.plist; sourceTree = "<group>"; };
/* End PBXFileReference section */

/* Begin PBXFrameworksBuildPhase section */
		F8E958C51BEF25B000A8B483 /* Frameworks */ = {
			isa = PBXFrameworksBuildPhase;
			buildActionMask = 2147483647;
			files = (
			);
			runOnlyForDeploymentPostprocessing = 0;
		};
/* End PBXFrameworksBuildPhase section */

/* Begin PBXGroup section */
		F8E958BF1BEF25B000A8B483 = {
			isa = PBXGroup;
			children = (
				F8E958CA1BEF25B000A8B483 /* SuperCool */,
				F8E958C91BEF25B000A8B483 /* Products */,
			);
			sourceTree = "<group>";
		};
		F8E958C91BEF25B000A8B483 /* Products */ = {
			isa = PBXGroup;
			children = (
				F8E958C81BEF25B000A8B483 /* SuperCool.app */,
			);
			name = Products;
			sourceTree = "<group>";
		};
		F8E958CA1BEF25B000A8B483 /* SuperCool */ = {
			isa = PBXGroup;
			children = (
				F8E958CB1BEF25B000A8B483 /* AppDelegate.swift */,
				F8E958CD1BEF25B000A8B483 /* ViewController.swift */,
				F8E958CF1BEF25B000A8B483 /* Main.storyboard */,
				F8E958D21BEF25B000A8B483 /* Assets.xcassets */,
				F8E958D41BEF25B000A8B483 /* LaunchScreen.storyboard */,
				F8E958D71BEF25B000A8B483 /* Info.plist */,
			);
			path = SuperCool;
			sourceTree = "<group>";
		};
/* End PBXGroup section */

/* Begin PBXNativeTarget section */
		F8E958C71BEF25B000A8B483 /* SuperCool */ = {
			isa = PBXNativeTarget;
			buildConfigurationList = F8E958DA1BEF25B000A8B483 /* Build configuration list for PBXNativeTarget "SuperCool" */;
			buildPhases = (
				F8E958C41BEF25B000A8B483 /* Sources */,
				F8E958C51BEF25B000A8B483 /* Frameworks */,
				F8E958C61BEF25B000A8B483 /* Resources */,
			);
			buildRules = (
			);
			dependencies = (
			);
			name = SuperCool;
			productName = SuperCool;
			productReference = F8E958C81BEF25B000A8B483 /* SuperCool.app */;
			productType = "com.apple.product-type.application";
		};
/* End PBXNativeTarget section */

/* Begin PBXProject section */
		F8E958C01BEF25B000A8B483 /* Project object */ = {
			isa = PBXProject;
			attributes = {
				LastUpgradeCheck = 0700;
				ORGANIZATIONNAME = "Danny Colangelo";
				TargetAttributes = {
					F8E958C71BEF25B000A8B483 = {
						CreatedOnToolsVersion = 7.0.1;
					};
				};
			};
			buildConfigurationList = F8E958C31BEF25B000A8B483 /* Build configuration list for PBXProject "SuperCool" */;
			compatibilityVersion = "Xcode 3.2";
			developmentRegion = English;
			hasScannedForEncodings = 0;
			knownRegions = (
				en,
				Base,
			);
			mainGroup = F8E958BF1BEF25B000A8B483;
			productRefGroup = F8E958C91BEF25B000A8B483 /* Products */;
			projectDirPath = "";
			projectRoot = "";
			targets = (
				F8E958C71BEF25B000A8B483 /* SuperCool */,
			);
		};
/* End PBXProject section */

/* Begin PBXResourcesBuildPhase section */
		F8E958C61BEF25B000A8B483 /* Resources */ = {
			isa = PBXResourcesBuildPhase;
			buildActionMask = 2147483647;
			files = (
				F8E958D61BEF25B000A8B483 /* LaunchScreen.storyboard in Resources */,
				F8E958D31BEF25B000A8B483 /* Assets.xcassets in Resources */,
				F8E958D11BEF25B000A8B483 /* Main.storyboard in Resources */,
			);
			runOnlyForDeploymentPostprocessing = 0;
		};
/* End PBXResourcesBuildPhase section */

/* Begin PBXSourcesBuildPhase section */
		F8E958C41BEF25B000A8B483 /* Sources */ = {
			isa = PBXSourcesBuildPhase;
			buildActionMask = 2147483647;
			files = (
				F8E958CE1BEF25B000A8B483 /* ViewController.swift in Sources */,
				F8E958CC1BEF25B000A8B483 /* AppDelegate.swift in Sources */,
			);
			runOnlyForDeploymentPostprocessing = 0;
		};
/* End PBXSourcesBuildPhase section */

/* Begin PBXVariantGroup section */
		F8E958CF1BEF25B000A8B483 /* Main.storyboard */ = {
			isa = PBXVariantGroup;
			children = (
				F8E958D01BEF25B000A8B483 /* Base */,
			);
			name = Main.storyboard;
			sourceTree = "<group>";
		};
		F8E958D41BEF25B000A8B483 /* LaunchScreen.storyboard */ = {
			isa = PBXVariantGroup;
			children = (
				F8E958D51BEF25B000A8B483 /* Base */,
			);
			name = LaunchScreen.storyboard;
			sourceTree = "<group>";
		};
/* End PBXVariantGroup section */

/* Begin XCBuildConfiguration section */
		F8E958D81BEF25B000A8B483 /* Debug */ = {
			isa = XCBuildConfiguration;
			buildSettings = {
				ALWAYS_SEARCH_USER_PATHS = NO;
				CLANG_CXX_LANGUAGE_STANDARD = "gnu++0x";
				CLANG_CXX_LIBRARY = "libc++";
				CLANG_ENABLE_MODULES = YES;
				CLANG_ENABLE_OBJC_ARC = YES;
				CLANG_WARN_BOOL_CONVERSION = YES;
				CLANG_WARN_CONSTANT_CONVERSION = YES;
				CLANG_WARN_DIRECT_OBJC_ISA_USAGE = YES_ERROR;
				CLANG_WARN_EMPTY_BODY = YES;
				CLANG_WARN_ENUM_CONVERSION = YES;
				CLANG_WARN_INT_CONVERSION = YES;
				CLANG_WARN_OBJC_ROOT_CLASS = YES_ERROR;
				CLANG_WARN_UNREACHABLE_CODE = YES;
				CLANG_WARN__DUPLICATE_METHOD_MATCH = YES;
				"CODE_SIGN_IDENTITY[sdk=iphoneos*]" = "iPhone Developer";
				COPY_PHASE_STRIP = NO;
				DEBUG_INFORMATION_FORMAT = dwarf;
				ENABLE_STRICT_OBJC_MSGSEND = YES;
				ENABLE_TESTABILITY = YES;
				GCC_C_LANGUAGE_STANDARD = gnu99;
				GCC_DYNAMIC_NO_PIC = NO;
				GCC_NO_COMMON_BLOCKS = YES;
				GCC_OPTIMIZATION_LEVEL = 0;
				GCC_PREPROCESSOR_DEFINITIONS = (
					"DEBUG=1",
					"$(inherited)",
				);
				GCC_WARN_64_TO_32_BIT_CONVERSION = YES;
				GCC_WARN_ABOUT_RETURN_TYPE = YES_ERROR;
				GCC_WARN_UNDECLARED_SELECTOR = YES;
				GCC_WARN_UNINITIALIZED_AUTOS = YES_AGGRESSIVE;
				GCC_WARN_UNUSED_FUNCTION = YES;
				GCC_WARN_UNUSED_VARIABLE = YES;
				IPHONEOS_DEPLOYMENT_TARGET = 9.0;
				MTL_ENABLE_DEBUG_INFO = YES;
				ONLY_ACTIVE_ARCH = YES;
				SDKROOT = iphoneos;
				SWIFT_OPTIMIZATION_LEVEL = "-Onone";
			};
			name = Debug;
		};
		F8E958D91BEF25B000A8B483 /* Release */ = {
			isa = XCBuildConfiguration;
			buildSettings = {
				ALWAYS_SEARCH_USER_PATHS = NO;
				CLANG_CXX_LANGUAGE_STANDARD = "gnu++0x";
				CLANG_CXX_LIBRARY = "libc++";
				CLANG_ENABLE_MODULES = YES;
				CLANG_ENABLE_OBJC_ARC = YES;
				CLANG_WARN_BOOL_CONVERSION = YES;
				CLANG_WARN_CONSTANT_CONVERSION = YES;
				CLANG_WARN_DIRECT_OBJC_ISA_USAGE = YES_ERROR;
				CLANG_WARN_EMPTY_BODY = YES;
				CLANG_WARN_ENUM_CONVERSION = YES;
				CLANG_WARN_INT_CONVERSION = YES;
				CLANG_WARN_OBJC_ROOT_CLASS = YES_ERROR;
				CLANG_WARN_UNREACHABLE_CODE = YES;
				CLANG_WARN__DUPLICATE_METHOD_MATCH = YES;
				"CODE_SIGN_IDENTITY[sdk=iphoneos*]" = "iPhone Developer";
				COPY_PHASE_STRIP = NO;
				DEBUG_INFORMATION_FORMAT = "dwarf-with-dsym";
				ENABLE_NS_ASSERTIONS = NO;
				ENABLE_STRICT_OBJC_MSGSEND = YES;
				GCC_C_LANGUAGE_STANDARD = gnu99;
				GCC_NO_COMMON_BLOCKS = YES;
				GCC_WARN_64_TO_32_BIT_CONVERSION = YES;
				GCC_WARN_ABOUT_RETURN_TYPE = YES_ERROR;
				GCC_WARN_UNDECLARED_SELECTOR = YES;
				GCC_WARN_UNINITIALIZED_AUTOS = YES_AGGRESSIVE;
				GCC_WARN_UNUSED_FUNCTION = YES;
				GCC_WARN_UNUSED_VARIABLE = YES;
				IPHONEOS_DEPLOYMENT_TARGET = 9.0;
				MTL_ENABLE_DEBUG_INFO = NO;
				SDKROOT = iphoneos;
				VALIDATE_PRODUCT = YES;
			};
			name = Release;
		};
		F8E958DB1BEF25B000A8B483 /* Debug */ = {
			isa = XCBuildConfiguration;
			buildSettings = {
				ASSETCATALOG_COMPILER_APPICON_NAME = AppIcon;
				CODE_SIGN_IDENTITY = "iPhone Developer";
				"CODE_SIGN_IDENTITY[sdk=iphoneos*]" = "iPhone Developer";
				INFOPLIST_FILE = SuperCool/Info.plist;
				LD_RUNPATH_SEARCH_PATHS = "$(inherited) @executable_path/Frameworks";
				PRODUCT_BUNDLE_IDENTIFIER = com.dcolangelo.SuperCool;
				PRODUCT_NAME = "$(TARGET_NAME)";
				PROVISIONING_PROFILE = "";
			};
			name = Debug;
		};
		F8E958DC1BEF25B000A8B483 /* Release */ = {
			isa = XCBuildConfiguration;
			buildSettings = {
				ASSETCATALOG_COMPILER_APPICON_NAME = AppIcon;
				CODE_SIGN_IDENTITY = "iPhone Developer";
				"CODE_SIGN_IDENTITY[sdk=iphoneos*]" = "iPhone Developer";
				INFOPLIST_FILE = SuperCool/Info.plist;
				LD_RUNPATH_SEARCH_PATHS = "$(inherited) @executable_path/Frameworks";
				PRODUCT_BUNDLE_IDENTIFIER = com.dcolangelo.SuperCool;
				PRODUCT_NAME = "$(TARGET_NAME)";
				PROVISIONING_PROFILE = "";
			};
			name = Release;
		};
/* End XCBuildConfiguration section */

/* Begin XCConfigurationList section */
		F8E958C31BEF25B000A8B483 /* Build configuration list for PBXProject "SuperCool" */ = {
			isa = XCConfigurationList;
			buildConfigurations = (
				F8E958D81BEF25B000A8B483 /* Debug */,
				F8E958D91BEF25B000A8B483 /* Release */,
			);
			defaultConfigurationIsVisible = 0;
			defaultConfigurationName = Release;
		};
		F8E958DA1BEF25B000A8B483 /* Build configuration list for PBXNativeTarget "SuperCool" */ = {
			isa = XCConfigurationList;
			buildConfigurations = (
				F8E958DB1BEF25B000A8B483 /* Debug */,
				F8E958DC1BEF25B000A8B483 /* Release */,
			);
			defaultConfigurationIsVisible = 0;
		};
/* End XCConfigurationList section */
	};
	rootObject = F8E958C01BEF25B000A8B483 /* Project object */;
}
